%{"connection": {:hex, :connection, "1.0.2"},
  "db_connection": {:hex, :db_connection, "0.2.3"},
  "decimal": {:hex, :decimal, "1.1.1"},
  "ecto": {:git, "https://github.com/elixir-lang/ecto.git", "3bd508729fbb12578655d65bcbd98331aef8fe0b", [ref: "3bd50872"]},
  "poolboy": {:hex, :poolboy, "1.5.1"},
  "postgrex": {:hex, :postgrex, "0.11.1"}}
